// !$*UTF8*$!
{
	archiveVersion = 1;
	classes = {
	};
	objectVersion = 56;
	objects = {

/* Begin PBXBuildFile section */
		8A41FBC8295E112A00D94C1E /* AppDelegate.swift in Sources */ = {isa = PBXBuildFile; fileRef = 8A41FBC7295E112A00D94C1E /* AppDelegate.swift */; };
		8A41FBCA295E112A00D94C1E /* ARTitleView.swift in Sources */ = {isa = PBXBuildFile; fileRef = 8A41FBC9295E112A00D94C1E /* ARTitleView.swift */; };
		8A41FBCC295E112A00D94C1E /* Experience.rcproject in Sources */ = {isa = PBXBuildFile; fileRef = 8A41FBCB295E112A00D94C1E /* Experience.rcproject */; };
		8A41FBCE295E112B00D94C1E /* Assets.xcassets in Resources */ = {isa = PBXBuildFile; fileRef = 8A41FBCD295E112B00D94C1E /* Assets.xcassets */; };
		8A41FBD1295E112B00D94C1E /* Preview Assets.xcassets in Resources */ = {isa = PBXBuildFile; fileRef = 8A41FBD0295E112B00D94C1E /* Preview Assets.xcassets */; };
		8A41FC102960807700D94C1E /* Launch Screen.storyboard in Resources */ = {isa = PBXBuildFile; fileRef = 8A41FC0F2960807700D94C1E /* Launch Screen.storyboard */; };
		8AD3F3F5296470B600F38803 /* GameInfo.swift in Sources */ = {isa = PBXBuildFile; fileRef = 8AD3F3F4296470B600F38803 /* GameInfo.swift */; };
		8AD3F3F72969D05500F38803 /* ARShootingView.swift in Sources */ = {isa = PBXBuildFile; fileRef = 8AD3F3F62969D05500F38803 /* ARShootingView.swift */; };
		8AD3F3FA296C381500F38803 /* ARShootingView+Coaching.swift in Sources */ = {isa = PBXBuildFile; fileRef = 8AD3F3F9296C381500F38803 /* ARShootingView+Coaching.swift */; };
/* End PBXBuildFile section */

/* Begin PBXFileReference section */
		8A41FBC4295E112A00D94C1E /* ARShooting01.app */ = {isa = PBXFileReference; explicitFileType = wrapper.application; includeInIndex = 0; path = ARShooting01.app; sourceTree = BUILT_PRODUCTS_DIR; };
		8A41FBC7295E112A00D94C1E /* AppDelegate.swift */ = {isa = PBXFileReference; lastKnownFileType = sourcecode.swift; path = AppDelegate.swift; sourceTree = "<group>"; };
		8A41FBC9295E112A00D94C1E /* ARTitleView.swift */ = {isa = PBXFileReference; lastKnownFileType = sourcecode.swift; path = ARTitleView.swift; sourceTree = "<group>"; };
		8A41FBCB295E112A00D94C1E /* Experience.rcproject */ = {isa = PBXFileReference; lastKnownFileType = file.rcproject; path = Experience.rcproject; sourceTree = "<group>"; };
		8A41FBCD295E112B00D94C1E /* Assets.xcassets */ = {isa = PBXFileReference; lastKnownFileType = folder.assetcatalog; path = Assets.xcassets; sourceTree = "<group>"; };
		8A41FBD0295E112B00D94C1E /* Preview Assets.xcassets */ = {isa = PBXFileReference; lastKnownFileType = folder.assetcatalog; path = "Preview Assets.xcassets"; sourceTree = "<group>"; };
		8A41FC0F2960807700D94C1E /* Launch Screen.storyboard */ = {isa = PBXFileReference; lastKnownFileType = file.storyboard; path = "Launch Screen.storyboard"; sourceTree = "<group>"; };
		8AD3F3F4296470B600F38803 /* GameInfo.swift */ = {isa = PBXFileReference; lastKnownFileType = sourcecode.swift; path = GameInfo.swift; sourceTree = "<group>"; };
		8AD3F3F62969D05500F38803 /* ARShootingView.swift */ = {isa = PBXFileReference; lastKnownFileType = sourcecode.swift; path = ARShootingView.swift; sourceTree = "<group>"; };
		8AD3F3F9296C381500F38803 /* ARShootingView+Coaching.swift */ = {isa = PBXFileReference; lastKnownFileType = sourcecode.swift; path = "ARShootingView+Coaching.swift"; sourceTree = "<group>"; };
/* End PBXFileReference section */

/* Begin PBXFrameworksBuildPhase section */
		8A41FBC1295E112A00D94C1E /* Frameworks */ = {
			isa = PBXFrameworksBuildPhase;
			buildActionMask = 2147483647;
			files = (
			);
			runOnlyForDeploymentPostprocessing = 0;
		};
/* End PBXFrameworksBuildPhase section */

/* Begin PBXGroup section */
		8A41FBBB295E112A00D94C1E = {
			isa = PBXGroup;
			children = (
				8A41FBC6295E112A00D94C1E /* ARShooting01 */,
				8A41FBC5295E112A00D94C1E /* Products */,
			);
			sourceTree = "<group>";
		};
		8A41FBC5295E112A00D94C1E /* Products */ = {
			isa = PBXGroup;
			children = (
				8A41FBC4295E112A00D94C1E /* ARShooting01.app */,
			);
			name = Products;
			sourceTree = "<group>";
		};
		8A41FBC6295E112A00D94C1E /* ARShooting01 */ = {
			isa = PBXGroup;
			children = (
				8AD3F3F8296C37E100F38803 /* ARShootingView */,
				8A41FBC7295E112A00D94C1E /* AppDelegate.swift */,
				8A41FBC9295E112A00D94C1E /* ARTitleView.swift */,
				8AD3F3F4296470B600F38803 /* GameInfo.swift */,
				8A41FBCB295E112A00D94C1E /* Experience.rcproject */,
				8A41FBCD295E112B00D94C1E /* Assets.xcassets */,
				8A41FC0F2960807700D94C1E /* Launch Screen.storyboard */,
				8A41FBCF295E112B00D94C1E /* Preview Content */,
			);
			path = ARShooting01;
			sourceTree = "<group>";
		};
		8A41FBCF295E112B00D94C1E /* Preview Content */ = {
			isa = PBXGroup;
			children = (
				8A41FBD0295E112B00D94C1E /* Preview Assets.xcassets */,
			);
			path = "Preview Content";
			sourceTree = "<group>";
		};
		8AD3F3F8296C37E100F38803 /* ARShootingView */ = {
			isa = PBXGroup;
			children = (
				8AD3F3F62969D05500F38803 /* ARShootingView.swift */,
				8AD3F3F9296C381500F38803 /* ARShootingView+Coaching.swift */,
			);
			path = ARShootingView;
			sourceTree = "<group>";
		};
/* End PBXGroup section */

/* Begin PBXNativeTarget section */
		8A41FBC3295E112A00D94C1E /* ARShooting01 */ = {
			isa = PBXNativeTarget;
			buildConfigurationList = 8A41FBD4295E112B00D94C1E /* Build configuration list for PBXNativeTarget "ARShooting01" */;
			buildPhases = (
				8A41FBC0295E112A00D94C1E /* Sources */,
				8A41FBC1295E112A00D94C1E /* Frameworks */,
				8A41FBC2295E112A00D94C1E /* Resources */,
			);
			buildRules = (
			);
			dependencies = (
			);
			name = ARShooting01;
			productName = ARShooting01;
			productReference = 8A41FBC4295E112A00D94C1E /* ARShooting01.app */;
			productType = "com.apple.product-type.application";
		};
/* End PBXNativeTarget section */

/* Begin PBXProject section */
		8A41FBBC295E112A00D94C1E /* Project object */ = {
			isa = PBXProject;
			attributes = {
				BuildIndependentTargetsInParallel = 1;
				LastSwiftUpdateCheck = 1420;
				LastUpgradeCheck = 1420;
				TargetAttributes = {
					8A41FBC3295E112A00D94C1E = {
						CreatedOnToolsVersion = 14.2;
					};
				};
			};
			buildConfigurationList = 8A41FBBF295E112A00D94C1E /* Build configuration list for PBXProject "ARShooting01" */;
			compatibilityVersion = "Xcode 14.0";
			developmentRegion = en;
			hasScannedForEncodings = 0;
			knownRegions = (
				en,
				Base,
			);
			mainGroup = 8A41FBBB295E112A00D94C1E;
			productRefGroup = 8A41FBC5295E112A00D94C1E /* Products */;
			projectDirPath = "";
			projectRoot = "";
			targets = (
				8A41FBC3295E112A00D94C1E /* ARShooting01 */,
			);
		};
/* End PBXProject section */

/* Begin PBXResourcesBuildPhase section */
		8A41FBC2295E112A00D94C1E /* Resources */ = {
			isa = PBXResourcesBuildPhase;
			buildActionMask = 2147483647;
			files = (
				8A41FC102960807700D94C1E /* Launch Screen.storyboard in Resources */,
				8A41FBD1295E112B00D94C1E /* Preview Assets.xcassets in Resources */,
				8A41FBCE295E112B00D94C1E /* Assets.xcassets in Resources */,
			);
			runOnlyForDeploymentPostprocessing = 0;
		};
/* End PBXResourcesBuildPhase section */

/* Begin PBXSourcesBuildPhase section */
		8A41FBC0295E112A00D94C1E /* Sources */ = {
			isa = PBXSourcesBuildPhase;
			buildActionMask = 2147483647;
			files = (
				8A41FBCA295E112A00D94C1E /* ARTitleView.swift in Sources */,
				8A41FBC8295E112A00D94C1E /* AppDelegate.swift in Sources */,
				8A41FBCC295E112A00D94C1E /* Experience.rcproject in Sources */,
				8AD3F3F5296470B600F38803 /* GameInfo.swift in Sources */,
				8AD3F3FA296C381500F38803 /* ARShootingView+Coaching.swift in Sources */,
				8AD3F3F72969D05500F38803 /* ARShootingView.swift in Sources */,
			);
			runOnlyForDeploymentPostprocessing = 0;
		};
/* End PBXSourcesBuildPhase section */

/* Begin XCBuildConfiguration section */
		8A41FBD2295E112B00D94C1E /* Debug */ = {
			isa = XCBuildConfiguration;
			buildSettings = {
				ALWAYS_SEARCH_USER_PATHS = NO;
				CLANG_ANALYZER_NONNULL = YES;
				CLANG_ANALYZER_NUMBER_OBJECT_CONVERSION = YES_AGGRESSIVE;
				CLANG_CXX_LANGUAGE_STANDARD = "gnu++20";
				CLANG_ENABLE_MODULES = YES;
				CLANG_ENABLE_OBJC_ARC = YES;
				CLANG_ENABLE_OBJC_WEAK = YES;
				CLANG_WARN_BLOCK_CAPTURE_AUTORELEASING = YES;
				CLANG_WARN_BOOL_CONVERSION = YES;
				CLANG_WARN_COMMA = YES;
				CLANG_WARN_CONSTANT_CONVERSION = YES;
				CLANG_WARN_DEPRECATED_OBJC_IMPLEMENTATIONS = YES;
				CLANG_WARN_DIRECT_OBJC_ISA_USAGE = YES_ERROR;
				CLANG_WARN_DOCUMENTATION_COMMENTS = YES;
				CLANG_WARN_EMPTY_BODY = YES;
				CLANG_WARN_ENUM_CONVERSION = YES;
				CLANG_WARN_INFINITE_RECURSION = YES;
				CLANG_WARN_INT_CONVERSION = YES;
				CLANG_WARN_NON_LITERAL_NULL_CONVERSION = YES;
				CLANG_WARN_OBJC_IMPLICIT_RETAIN_SELF = YES;
				CLANG_WARN_OBJC_LITERAL_CONVERSION = YES;
				CLANG_WARN_OBJC_ROOT_CLASS = YES_ERROR;
				CLANG_WARN_QUOTED_INCLUDE_IN_FRAMEWORK_HEADER = YES;
				CLANG_WARN_RANGE_LOOP_ANALYSIS = YES;
				CLANG_WARN_STRICT_PROTOTYPES = YES;
				CLANG_WARN_SUSPICIOUS_MOVE = YES;
				CLANG_WARN_UNGUARDED_AVAILABILITY = YES_AGGRESSIVE;
				CLANG_WARN_UNREACHABLE_CODE = YES;
				CLANG_WARN__DUPLICATE_METHOD_MATCH = YES;
				COPY_PHASE_STRIP = NO;
				DEBUG_INFORMATION_FORMAT = dwarf;
				ENABLE_STRICT_OBJC_MSGSEND = YES;
				ENABLE_TESTABILITY = YES;
				GCC_C_LANGUAGE_STANDARD = gnu11;
				GCC_DYNAMIC_NO_PIC = NO;
				GCC_NO_COMMON_BLOCKS = YES;
				GCC_OPTIMIZATION_LEVEL = 0;
				GCC_PREPROCESSOR_DEFINITIONS = (
					"DEBUG=1",
					"$(inherited)",
				);
				GCC_WARN_64_TO_32_BIT_CONVERSION = YES;
				GCC_WARN_ABOUT_RETURN_TYPE = YES_ERROR;
				GCC_WARN_UNDECLARED_SELECTOR = YES;
				GCC_WARN_UNINITIALIZED_AUTOS = YES_AGGRESSIVE;
				GCC_WARN_UNUSED_FUNCTION = YES;
				GCC_WARN_UNUSED_VARIABLE = YES;
				IPHONEOS_DEPLOYMENT_TARGET = 16.1;
				MTL_ENABLE_DEBUG_INFO = INCLUDE_SOURCE;
				MTL_FAST_MATH = YES;
				ONLY_ACTIVE_ARCH = YES;
				SDKROOT = iphoneos;
				SWIFT_ACTIVE_COMPILATION_CONDITIONS = DEBUG;
				SWIFT_OPTIMIZATION_LEVEL = "-Onone";
			};
			name = Debug;
		};
		8A41FBD3295E112B00D94C1E /* Release */ = {
			isa = XCBuildConfiguration;
			buildSettings = {
				ALWAYS_SEARCH_USER_PATHS = NO;
				CLANG_ANALYZER_NONNULL = YES;
				CLANG_ANALYZER_NUMBER_OBJECT_CONVERSION = YES_AGGRESSIVE;
				CLANG_CXX_LANGUAGE_STANDARD = "gnu++20";
				CLANG_ENABLE_MODULES = YES;
				CLANG_ENABLE_OBJC_ARC = YES;
				CLANG_ENABLE_OBJC_WEAK = YES;
				CLANG_WARN_BLOCK_CAPTURE_AUTORELEASING = YES;
				CLANG_WARN_BOOL_CONVERSION = YES;
				CLANG_WARN_COMMA = YES;
				CLANG_WARN_CONSTANT_CONVERSION = YES;
				CLANG_WARN_DEPRECATED_OBJC_IMPLEMENTATIONS = YES;
				CLANG_WARN_DIRECT_OBJC_ISA_USAGE = YES_ERROR;
				CLANG_WARN_DOCUMENTATION_COMMENTS = YES;
				CLANG_WARN_EMPTY_BODY = YES;
				CLANG_WARN_ENUM_CONVERSION = YES;
				CLANG_WARN_INFINITE_RECURSION = YES;
				CLANG_WARN_INT_CONVERSION = YES;
				CLANG_WARN_NON_LITERAL_NULL_CONVERSION = YES;
				CLANG_WARN_OBJC_IMPLICIT_RETAIN_SELF = YES;
				CLANG_WARN_OBJC_LITERAL_CONVERSION = YES;
				CLANG_WARN_OBJC_ROOT_CLASS = YES_ERROR;
				CLANG_WARN_QUOTED_INCLUDE_IN_FRAMEWORK_HEADER = YES;
				CLANG_WARN_RANGE_LOOP_ANALYSIS = YES;
				CLANG_WARN_STRICT_PROTOTYPES = YES;
				CLANG_WARN_SUSPICIOUS_MOVE = YES;
				CLANG_WARN_UNGUARDED_AVAILABILITY = YES_AGGRESSIVE;
				CLANG_WARN_UNREACHABLE_CODE = YES;
				CLANG_WARN__DUPLICATE_METHOD_MATCH = YES;
				COPY_PHASE_STRIP = NO;
				DEBUG_INFORMATION_FORMAT = "dwarf-with-dsym";
				ENABLE_NS_ASSERTIONS = NO;
				ENABLE_STRICT_OBJC_MSGSEND = YES;
				GCC_C_LANGUAGE_STANDARD = gnu11;
				GCC_NO_COMMON_BLOCKS = YES;
				GCC_WARN_64_TO_32_BIT_CONVERSION = YES;
				GCC_WARN_ABOUT_RETURN_TYPE = YES_ERROR;
				GCC_WARN_UNDECLARED_SELECTOR = YES;
				GCC_WARN_UNINITIALIZED_AUTOS = YES_AGGRESSIVE;
				GCC_WARN_UNUSED_FUNCTION = YES;
				GCC_WARN_UNUSED_VARIABLE = YES;
				IPHONEOS_DEPLOYMENT_TARGET = 16.1;
				MTL_ENABLE_DEBUG_INFO = NO;
				MTL_FAST_MATH = YES;
				SDKROOT = iphoneos;
				SWIFT_COMPILATION_MODE = wholemodule;
				SWIFT_OPTIMIZATION_LEVEL = "-O";
				VALIDATE_PRODUCT = YES;
			};
			name = Release;
		};
		8A41FBD5295E112B00D94C1E /* Debug */ = {
			isa = XCBuildConfiguration;
			buildSettings = {
				ASSETCATALOG_COMPILER_APPICON_NAME = AppIcon;
				ASSETCATALOG_COMPILER_GLOBAL_ACCENT_COLOR_NAME = AccentColor;
				CODE_SIGN_STYLE = Automatic;
				CURRENT_PROJECT_VERSION = 1.0;
				DEVELOPMENT_ASSET_PATHS = "\"ARShooting01/Preview Content\"";
				DEVELOPMENT_TEAM = 295MRTHJ62;
				ENABLE_PREVIEWS = YES;
				GENERATE_INFOPLIST_FILE = YES;
				INFOPLIST_KEY_CFBundleDisplayName = ARShooting01;
				INFOPLIST_KEY_NSCameraUsageDescription = "";
				INFOPLIST_KEY_UIApplicationSupportsIndirectInputEvents = YES;
				INFOPLIST_KEY_UILaunchScreen_Generation = YES;
				INFOPLIST_KEY_UILaunchStoryboardName = "Launch Screen";
				INFOPLIST_KEY_UIRequiredDeviceCapabilities = arkit;
				INFOPLIST_KEY_UIStatusBarHidden = YES;
				INFOPLIST_KEY_UISupportedInterfaceOrientations = UIInterfaceOrientationPortrait;
				IPHONEOS_DEPLOYMENT_TARGET = 16.1;
				LD_RUNPATH_SEARCH_PATHS = (
					"$(inherited)",
					"@executable_path/Frameworks",
				);
				MARKETING_VERSION = 1.0;
				PRODUCT_BUNDLE_IDENTIFIER = com.mk.ARShooting01;
				PRODUCT_NAME = "$(TARGET_NAME)";
				SWIFT_EMIT_LOC_STRINGS = YES;
				SWIFT_VERSION = 5.0;
				TARGETED_DEVICE_FAMILY = "1,2";
			};
			name = Debug;
		};
		8A41FBD6295E112B00D94C1E /* Release */ = {
			isa = XCBuildConfiguration;
			buildSettings = {
				ASSETCATALOG_COMPILER_APPICON_NAME = AppIcon;
				ASSETCATALOG_COMPILER_GLOBAL_ACCENT_COLOR_NAME = AccentColor;
				CODE_SIGN_STYLE = Automatic;
				CURRENT_PROJECT_VERSION = 1.0;
				DEVELOPMENT_ASSET_PATHS = "\"ARShooting01/Preview Content\"";
				DEVELOPMENT_TEAM = 295MRTHJ62;
				ENABLE_PREVIEWS = YES;
				GENERATE_INFOPLIST_FILE = YES;
				INFOPLIST_KEY_CFBundleDisplayName = ARShooting01;
				INFOPLIST_KEY_NSCameraUsageDescription = "";
				INFOPLIST_KEY_UIApplicationSupportsIndirectInputEvents = YES;
				INFOPLIST_KEY_UILaunchScreen_Generation = YES;
				INFOPLIST_KEY_UILaunchStoryboardName = "Launch Screen";
				INFOPLIST_KEY_UIRequiredDeviceCapabilities = arkit;
				INFOPLIST_KEY_UIStatusBarHidden = YES;
				INFOPLIST_KEY_UISupportedInterfaceOrientations = UIInterfaceOrientationPortrait;
				IPHONEOS_DEPLOYMENT_TARGET = 16.1;
				LD_RUNPATH_SEARCH_PATHS = (
					"$(inherited)",
					"@executable_path/Frameworks",
				);
				MARKETING_VERSION = 1.0;
				PRODUCT_BUNDLE_IDENTIFIER = com.mk.ARShooting01;
				PRODUCT_NAME = "$(TARGET_NAME)";
				SWIFT_EMIT_LOC_STRINGS = YES;
				SWIFT_VERSION = 5.0;
				TARGETED_DEVICE_FAMILY = "1,2";
			};
			name = Release;
		};
/* End XCBuildConfiguration section */

/* Begin XCConfigurationList section */
		8A41FBBF295E112A00D94C1E /* Build configuration list for PBXProject "ARShooting01" */ = {
			isa = XCConfigurationList;
			buildConfigurations = (
				8A41FBD2295E112B00D94C1E /* Debug */,
				8A41FBD3295E112B00D94C1E /* Release */,
			);
			defaultConfigurationIsVisible = 0;
			defaultConfigurationName = Release;
		};
		8A41FBD4295E112B00D94C1E /* Build configuration list for PBXNativeTarget "ARShooting01" */ = {
			isa = XCConfigurationList;
			buildConfigurations = (
				8A41FBD5295E112B00D94C1E /* Debug */,
				8A41FBD6295E112B00D94C1E /* Release */,
			);
			defaultConfigurationIsVisible = 0;
			defaultConfigurationName = Release;
		};
/* End XCConfigurationList section */
	};
	rootObject = 8A41FBBC295E112A00D94C1E /* Project object */;
}
